
Microsoft Visual Studio Solution File, Format Version 12.00
# Visual Studio Version 17
VisualStudioVersion = 17.4.33213.308
MinimumVisualStudioVersion = 10.0.40219.1
Project("{9A19103F-16F7-4668-BE54-9A1E7A4F7556}") = "GetDocument", "GetDocument\GetDocument.csproj", "{EE25736E-7228-482A-84C6-41D36DDD452C}"
EndProject
Project("{FAE04EC0-301F-11D3-BF4B-00C04F79EFBC}") = "GetDocument.Application", "GetDocument.Application\GetDocument.Application.csproj", "{A9E3EE13-E3EB-40FD-B6B0-34F10B0C9E21}"
EndProject
Project("{FAE04EC0-301F-11D3-BF4B-00C04F79EFBC}") = "GetDocument.Domain", "GetDocument.Domain\GetDocument.Domain.csproj", "{30ABDB89-088A-45CD-9E17-EC13A0646F8D}"
EndProject
Global
	GlobalSection(SolutionConfigurationPlatforms) = preSolution
		Debug|Any CPU = Debug|Any CPU
		Release|Any CPU = Release|Any CPU
	EndGlobalSection
	GlobalSection(ProjectConfigurationPlatforms) = postSolution
		{EE25736E-7228-482A-84C6-41D36DDD452C}.Debug|Any CPU.ActiveCfg = Debug|Any CPU
		{EE25736E-7228-482A-84C6-41D36DDD452C}.Debug|Any CPU.Build.0 = Debug|Any CPU
		{EE25736E-7228-482A-84C6-41D36DDD452C}.Release|Any CPU.ActiveCfg = Release|Any CPU
		{EE25736E-7228-482A-84C6-41D36DDD452C}.Release|Any CPU.Build.0 = Release|Any CPU
		{A9E3EE13-E3EB-40FD-B6B0-34F10B0C9E21}.Debug|Any CPU.ActiveCfg = Debug|Any CPU
		{A9E3EE13-E3EB-40FD-B6B0-34F10B0C9E21}.Debug|Any CPU.Build.0 = Debug|Any CPU
		{A9E3EE13-E3EB-40FD-B6B0-34F10B0C9E21}.Release|Any CPU.ActiveCfg = Release|Any CPU
		{A9E3EE13-E3EB-40FD-B6B0-34F10B0C9E21}.Release|Any CPU.Build.0 = Release|Any CPU
		{30ABDB89-088A-45CD-9E17-EC13A0646F8D}.Debug|Any CPU.ActiveCfg = Debug|Any CPU
		{30ABDB89-088A-45CD-9E17-EC13A0646F8D}.Debug|Any CPU.Build.0 = Debug|Any CPU
		{30ABDB89-088A-45CD-9E17-EC13A0646F8D}.Release|Any CPU.ActiveCfg = Release|Any CPU
		{30ABDB89-088A-45CD-9E17-EC13A0646F8D}.Release|Any CPU.Build.0 = Release|Any CPU
	EndGlobalSection
	GlobalSection(SolutionProperties) = preSolution
		HideSolutionNode = FALSE
	EndGlobalSection
	GlobalSection(ExtensibilityGlobals) = postSolution
		SolutionGuid = {9BCA9918-3360-4BE3-A6D7-85B0C0A9716C}
	EndGlobalSection
EndGlobal
